{
  "version": 4,
  "terraform_version": "1.11.4",
  "serial": 4,
  "lineage": "bbe8acb4-84b0-dfcc-d506-9684e999b3f9",
  "outputs": {},
  "resources": [
    {
      "mode": "managed",
      "type": "docker_image",
      "name": "app_image",
      "provider": "provider[\"registry.terraform.io/kreuzwerker/docker\"]",
      "instances": [
        {
          "schema_version": 0,
          "attributes": {
            "build": [],
            "force_remove": null,
            "id": "sha256:c8dd349cde3d41e30a7a0be4d91a592044fe562625ed93fc31cca57f985626c6ghcr.io/breezyoss/terraform_workflow:dev",
            "image_id": "sha256:c8dd349cde3d41e30a7a0be4d91a592044fe562625ed93fc31cca57f985626c6",
            "keep_locally": null,
            "name": "ghcr.io/breezyoss/terraform_workflow:dev",
            "platform": null,
            "pull_triggers": null,
            "repo_digest": "ghcr.io/breezyoss/terraform_workflow@sha256:c8dd349cde3d41e30a7a0be4d91a592044fe562625ed93fc31cca57f985626c6",
            "timeouts": null,
            "triggers": null
          },
          "sensitive_attributes": [],
          "private": "eyJlMmJmYjczMC1lY2FhLTExZTYtOGY4OC0zNDM2M2JjN2M0YzAiOnsiY3JlYXRlIjoxMjAwMDAwMDAwMDAwLCJkZWxldGUiOjEyMDAwMDAwMDAwMDAsInVwZGF0ZSI6MTIwMDAwMDAwMDAwMH19"
        }
      ]
    }
  ],
  "check_results": null
}
